{
  "name": "ppbf-platform",
  "version": "2.0.0",
  "lockfileVersion": 3,
  "requires": true,
  "packages": {
    "": {
      "name": "ppbf-platform",
      "version": "2.0.0"
    },
    "apps/coach-review": {
      "name": "ppbf-coach-review",
      "version": "0.2.0",
      "extraneous": true,
      "dependencies": {
        "@supabase/supabase-js": "^2.45.0",
        "next": "^15.5.19",
        "react": "^18.3.1",
        "react-dom": "^18.3.1"
      }
    },
    "apps/web": {
      "version": "0.1.0",
      "extraneous": true,
      "dependencies": {
        "next": "16.2.9",
        "react": "19.2.4",
        "react-dom": "19.2.4"
      },
      "devDependencies": {
        "@tailwindcss/postcss": "^4",
        "@types/node": "^20",
        "@types/react": "^19",
        "@types/react-dom": "^19",
        "eslint": "^9",
        "eslint-config-next": "16.2.9",
        "tailwindcss": "^4",
        "typescript": "^5"
      }
    }
  }
}
